
Microsoft Visual Studio Solution File, Format Version 12.00
# Visual Studio Version 16
VisualStudioVersion = 16.0.30503.244
MinimumVisualStudioVersion = 10.0.40219.1
Project("{FAE04EC0-301F-11D3-BF4B-00C04F79EFBC}") = "Task_7_3new", "Task_7_3new.csproj", "{6DA50468-5842-4CE6-A9F1-BD1D07897DD0}"
EndProject
Global
	GlobalSection(SolutionConfigurationPlatforms) = preSolution
		Debug|Any CPU = Debug|Any CPU
		Release|Any CPU = Release|Any CPU
	EndGlobalSection
	GlobalSection(ProjectConfigurationPlatforms) = postSolution
		{6DA50468-5842-4CE6-A9F1-BD1D07897DD0}.Debug|Any CPU.ActiveCfg = Debug|Any CPU
		{6DA50468-5842-4CE6-A9F1-BD1D07897DD0}.Debug|Any CPU.Build.0 = Debug|Any CPU
		{6DA50468-5842-4CE6-A9F1-BD1D07897DD0}.Release|Any CPU.ActiveCfg = Release|Any CPU
		{6DA50468-5842-4CE6-A9F1-BD1D07897DD0}.Release|Any CPU.Build.0 = Release|Any CPU
	EndGlobalSection
	GlobalSection(SolutionProperties) = preSolution
		HideSolutionNode = FALSE
	EndGlobalSection
	GlobalSection(ExtensibilityGlobals) = postSolution
		SolutionGuid = {D2B2642E-E3D2-430E-A593-61F5D90F53DE}
	EndGlobalSection
EndGlobal
